
Microsoft Visual Studio Solution File, Format Version 12.00
# Visual Studio Version 16
VisualStudioVersion = 16.0.31229.75
MinimumVisualStudioVersion = 10.0.40219.1
Project("{8BC9CEB8-8B4A-11D0-8D11-00A0C91BC942}") = "Interface", "Interface\Interface.vcxproj", "{F0F727BE-6FA9-48DF-9AE2-88A6F9784A1D}"
EndProject
Project("{8BC9CEB8-8B4A-11D0-8D11-00A0C91BC942}") = "Dll", "Interface\Dll\Dll.vcxproj", "{088A44B6-3E5A-4588-A904-2E3345FC0E80}"
EndProject
Global
	GlobalSection(SolutionConfigurationPlatforms) = preSolution
		Debug|x64 = Debug|x64
		Debug|x86 = Debug|x86
		Release|x64 = Release|x64
		Release|x86 = Release|x86
	EndGlobalSection
	GlobalSection(ProjectConfigurationPlatforms) = postSolution
		{F0F727BE-6FA9-48DF-9AE2-88A6F9784A1D}.Debug|x64.ActiveCfg = Debug|x64
		{F0F727BE-6FA9-48DF-9AE2-88A6F9784A1D}.Debug|x64.Build.0 = Debug|x64
		{F0F727BE-6FA9-48DF-9AE2-88A6F9784A1D}.Debug|x86.ActiveCfg = Debug|Win32
		{F0F727BE-6FA9-48DF-9AE2-88A6F9784A1D}.Debug|x86.Build.0 = Debug|Win32
		{F0F727BE-6FA9-48DF-9AE2-88A6F9784A1D}.Release|x64.ActiveCfg = Release|x64
		{F0F727BE-6FA9-48DF-9AE2-88A6F9784A1D}.Release|x64.Build.0 = Release|x64
		{F0F727BE-6FA9-48DF-9AE2-88A6F9784A1D}.Release|x86.ActiveCfg = Release|Win32
		{F0F727BE-6FA9-48DF-9AE2-88A6F9784A1D}.Release|x86.Build.0 = Release|Win32
		{088A44B6-3E5A-4588-A904-2E3345FC0E80}.Debug|x64.ActiveCfg = Debug|x64
		{088A44B6-3E5A-4588-A904-2E3345FC0E80}.Debug|x64.Build.0 = Debug|x64
		{088A44B6-3E5A-4588-A904-2E3345FC0E80}.Debug|x86.ActiveCfg = Debug|Win32
		{088A44B6-3E5A-4588-A904-2E3345FC0E80}.Debug|x86.Build.0 = Debug|Win32
		{088A44B6-3E5A-4588-A904-2E3345FC0E80}.Release|x64.ActiveCfg = Release|x64
		{088A44B6-3E5A-4588-A904-2E3345FC0E80}.Release|x64.Build.0 = Release|x64
		{088A44B6-3E5A-4588-A904-2E3345FC0E80}.Release|x86.ActiveCfg = Release|Win32
		{088A44B6-3E5A-4588-A904-2E3345FC0E80}.Release|x86.Build.0 = Release|Win32
	EndGlobalSection
	GlobalSection(SolutionProperties) = preSolution
		HideSolutionNode = FALSE
	EndGlobalSection
	GlobalSection(ExtensibilityGlobals) = postSolution
		SolutionGuid = {4DD20C2C-0166-427B-86E8-45F185812612}
	EndGlobalSection
EndGlobal
